
Microsoft Visual Studio Solution File, Format Version 12.00
Project("{FAE04EC0-301F-11D3-BF4B-00C04F79EFBC}") = "APBD_10", "APBD_10\APBD_10.csproj", "{7DCDF51F-3B23-46E0-B19D-D0AA3E41CFE1}"
EndProject
Global
	GlobalSection(SolutionConfigurationPlatforms) = preSolution
		Debug|Any CPU = Debug|Any CPU
		Release|Any CPU = Release|Any CPU
	EndGlobalSection
	GlobalSection(ProjectConfigurationPlatforms) = postSolution
		{7DCDF51F-3B23-46E0-B19D-D0AA3E41CFE1}.Debug|Any CPU.ActiveCfg = Debug|Any CPU
		{7DCDF51F-3B23-46E0-B19D-D0AA3E41CFE1}.Debug|Any CPU.Build.0 = Debug|Any CPU
		{7DCDF51F-3B23-46E0-B19D-D0AA3E41CFE1}.Release|Any CPU.ActiveCfg = Release|Any CPU
		{7DCDF51F-3B23-46E0-B19D-D0AA3E41CFE1}.Release|Any CPU.Build.0 = Release|Any CPU
	EndGlobalSection
EndGlobal
